
Microsoft Visual Studio Solution File, Format Version 12.00
# Visual Studio 15
VisualStudioVersion = 15.0.27703.2035
MinimumVisualStudioVersion = 10.0.40219.1
Project("{FAE04EC0-301F-11D3-BF4B-00C04F79EFBC}") = "basketballStatWebsite", "basketballStatWebsite\basketballStatWebsite.csproj", "{A876DBE8-10CB-451A-AB98-E690CC72DBB9}"
EndProject
Global
	GlobalSection(SolutionConfigurationPlatforms) = preSolution
		Debug|Any CPU = Debug|Any CPU
		Release|Any CPU = Release|Any CPU
	EndGlobalSection
	GlobalSection(ProjectConfigurationPlatforms) = postSolution
		{A876DBE8-10CB-451A-AB98-E690CC72DBB9}.Debug|Any CPU.ActiveCfg = Debug|Any CPU
		{A876DBE8-10CB-451A-AB98-E690CC72DBB9}.Debug|Any CPU.Build.0 = Debug|Any CPU
		{A876DBE8-10CB-451A-AB98-E690CC72DBB9}.Release|Any CPU.ActiveCfg = Release|Any CPU
		{A876DBE8-10CB-451A-AB98-E690CC72DBB9}.Release|Any CPU.Build.0 = Release|Any CPU
	EndGlobalSection
	GlobalSection(SolutionProperties) = preSolution
		HideSolutionNode = FALSE
	EndGlobalSection
	GlobalSection(ExtensibilityGlobals) = postSolution
		SolutionGuid = {89D38221-14E9-4AE5-8F71-CA38F57E54A7}
	EndGlobalSection
EndGlobal
