
Microsoft Visual Studio Solution File, Format Version 12.00
# Visual Studio 15
VisualStudioVersion = 15.0.27703.2035
MinimumVisualStudioVersion = 10.0.40219.1
Project("{FAE04EC0-301F-11D3-BF4B-00C04F79EFBC}") = "Business Logic Layer", "Business Logic Layer\Business Logic Layer.csproj", "{0B0B15BE-BA96-49BF-81D8-7F9BBC4D9F98}"
EndProject
Project("{FAE04EC0-301F-11D3-BF4B-00C04F79EFBC}") = "DAL", "DAL\DAL.csproj", "{B17022F5-9294-4682-BFDD-6B21DBF422EC}"
EndProject
Project("{FAE04EC0-301F-11D3-BF4B-00C04F79EFBC}") = "UtilityLogger", "UtilityLogger\UtilityLogger.csproj", "{506181B8-66C3-4678-BA3F-B89D5BF067CD}"
EndProject
Project("{FAE04EC0-301F-11D3-BF4B-00C04F79EFBC}") = "HealthStatsWeb", "HealthStatsWeb\HealthStatsWeb.csproj", "{30AD5B5C-394D-4CF8-87AC-EAD136C45532}"
EndProject
Global
	GlobalSection(SolutionConfigurationPlatforms) = preSolution
		Debug|Any CPU = Debug|Any CPU
		Release|Any CPU = Release|Any CPU
	EndGlobalSection
	GlobalSection(ProjectConfigurationPlatforms) = postSolution
		{0B0B15BE-BA96-49BF-81D8-7F9BBC4D9F98}.Debug|Any CPU.ActiveCfg = Debug|Any CPU
		{0B0B15BE-BA96-49BF-81D8-7F9BBC4D9F98}.Debug|Any CPU.Build.0 = Debug|Any CPU
		{0B0B15BE-BA96-49BF-81D8-7F9BBC4D9F98}.Release|Any CPU.ActiveCfg = Release|Any CPU
		{0B0B15BE-BA96-49BF-81D8-7F9BBC4D9F98}.Release|Any CPU.Build.0 = Release|Any CPU
		{B17022F5-9294-4682-BFDD-6B21DBF422EC}.Debug|Any CPU.ActiveCfg = Debug|Any CPU
		{B17022F5-9294-4682-BFDD-6B21DBF422EC}.Debug|Any CPU.Build.0 = Debug|Any CPU
		{B17022F5-9294-4682-BFDD-6B21DBF422EC}.Release|Any CPU.ActiveCfg = Release|Any CPU
		{B17022F5-9294-4682-BFDD-6B21DBF422EC}.Release|Any CPU.Build.0 = Release|Any CPU
		{506181B8-66C3-4678-BA3F-B89D5BF067CD}.Debug|Any CPU.ActiveCfg = Debug|Any CPU
		{506181B8-66C3-4678-BA3F-B89D5BF067CD}.Debug|Any CPU.Build.0 = Debug|Any CPU
		{506181B8-66C3-4678-BA3F-B89D5BF067CD}.Release|Any CPU.ActiveCfg = Release|Any CPU
		{506181B8-66C3-4678-BA3F-B89D5BF067CD}.Release|Any CPU.Build.0 = Release|Any CPU
		{30AD5B5C-394D-4CF8-87AC-EAD136C45532}.Debug|Any CPU.ActiveCfg = Debug|Any CPU
		{30AD5B5C-394D-4CF8-87AC-EAD136C45532}.Debug|Any CPU.Build.0 = Debug|Any CPU
		{30AD5B5C-394D-4CF8-87AC-EAD136C45532}.Release|Any CPU.ActiveCfg = Release|Any CPU
		{30AD5B5C-394D-4CF8-87AC-EAD136C45532}.Release|Any CPU.Build.0 = Release|Any CPU
	EndGlobalSection
	GlobalSection(SolutionProperties) = preSolution
		HideSolutionNode = FALSE
	EndGlobalSection
	GlobalSection(ExtensibilityGlobals) = postSolution
		SolutionGuid = {6154CE29-D1D8-4034-920E-6F60CC6F6CC1}
	EndGlobalSection
EndGlobal
