
Microsoft Visual Studio Solution File, Format Version 12.00
# Visual Studio 15
VisualStudioVersion = 15.0.27703.2035
MinimumVisualStudioVersion = 10.0.40219.1
Project("{FAE04EC0-301F-11D3-BF4B-00C04F79EFBC}") = "Calculator", "Calculator\Calculator.csproj", "{8B875DC6-1C49-46E1-BA8C-3EB16D957C86}"
EndProject
Global
	GlobalSection(SolutionConfigurationPlatforms) = preSolution
		Debug|Any CPU = Debug|Any CPU
		Release|Any CPU = Release|Any CPU
	EndGlobalSection
	GlobalSection(ProjectConfigurationPlatforms) = postSolution
		{8B875DC6-1C49-46E1-BA8C-3EB16D957C86}.Debug|Any CPU.ActiveCfg = Debug|Any CPU
		{8B875DC6-1C49-46E1-BA8C-3EB16D957C86}.Debug|Any CPU.Build.0 = Debug|Any CPU
		{8B875DC6-1C49-46E1-BA8C-3EB16D957C86}.Release|Any CPU.ActiveCfg = Release|Any CPU
		{8B875DC6-1C49-46E1-BA8C-3EB16D957C86}.Release|Any CPU.Build.0 = Release|Any CPU
	EndGlobalSection
	GlobalSection(SolutionProperties) = preSolution
		HideSolutionNode = FALSE
	EndGlobalSection
	GlobalSection(ExtensibilityGlobals) = postSolution
		SolutionGuid = {2BC7739B-9221-4469-9B09-EC70BF691162}
	EndGlobalSection
EndGlobal
